
Microsoft Visual Studio Solution File, Format Version 12.00
# Visual Studio Version 17
VisualStudioVersion = 17.4.33213.308
MinimumVisualStudioVersion = 10.0.40219.1
Project("{FAE04EC0-301F-11D3-BF4B-00C04F79EFBC}") = "Corto", "Corto\Corto.csproj", "{B677DB0D-88F7-4F92-9C06-8C8C330BFEEB}"
EndProject
Global
	GlobalSection(SolutionConfigurationPlatforms) = preSolution
		Debug|Any CPU = Debug|Any CPU
		Release|Any CPU = Release|Any CPU
	EndGlobalSection
	GlobalSection(ProjectConfigurationPlatforms) = postSolution
		{B677DB0D-88F7-4F92-9C06-8C8C330BFEEB}.Debug|Any CPU.ActiveCfg = Debug|Any CPU
		{B677DB0D-88F7-4F92-9C06-8C8C330BFEEB}.Debug|Any CPU.Build.0 = Debug|Any CPU
		{B677DB0D-88F7-4F92-9C06-8C8C330BFEEB}.Release|Any CPU.ActiveCfg = Release|Any CPU
		{B677DB0D-88F7-4F92-9C06-8C8C330BFEEB}.Release|Any CPU.Build.0 = Release|Any CPU
	EndGlobalSection
	GlobalSection(SolutionProperties) = preSolution
		HideSolutionNode = FALSE
	EndGlobalSection
	GlobalSection(ExtensibilityGlobals) = postSolution
		SolutionGuid = {DB12F76E-0986-42E5-BA12-3734166ECA8F}
	EndGlobalSection
EndGlobal
